// !$*UTF8*$!
{
	archiveVersion = 1;
	classes = {
	};
	objectVersion = 56;
	objects = {

/* Begin PBXBuildFile section */
		AD1779C42C22C9A7005CC4B6 /* MoviesViewModel.swift in Sources */ = {isa = PBXBuildFile; fileRef = AD1779C32C22C9A7005CC4B6 /* MoviesViewModel.swift */; };
		AD1779C62C2309C1005CC4B6 /* MoviesList.swift in Sources */ = {isa = PBXBuildFile; fileRef = AD1779C52C2309C1005CC4B6 /* MoviesList.swift */; };
		AD1779C82C2354CD005CC4B6 /* MovieDetail.swift in Sources */ = {isa = PBXBuildFile; fileRef = AD1779C72C2354CD005CC4B6 /* MovieDetail.swift */; };
		AD1779CB2C23578E005CC4B6 /* MovieDetailView.swift in Sources */ = {isa = PBXBuildFile; fileRef = AD1779CA2C23578E005CC4B6 /* MovieDetailView.swift */; };
		AD1779CD2C2359C6005CC4B6 /* MovieDetailViewModel.swift in Sources */ = {isa = PBXBuildFile; fileRef = AD1779CC2C2359C6005CC4B6 /* MovieDetailViewModel.swift */; };
		AD1779DC2C247FEB005CC4B6 /* MoviesViewModelTests.swift in Sources */ = {isa = PBXBuildFile; fileRef = AD1779DB2C247FEB005CC4B6 /* MoviesViewModelTests.swift */; };
		AD1779DE2C24863A005CC4B6 /* MockNetworkClient.swift in Sources */ = {isa = PBXBuildFile; fileRef = AD1779DD2C24863A005CC4B6 /* MockNetworkClient.swift */; };
		AD6649FC2C1EBB2C0022AE88 /* NetworkClient.swift in Sources */ = {isa = PBXBuildFile; fileRef = AD6649FB2C1EBB2C0022AE88 /* NetworkClient.swift */; };
		AD6649FF2C1EBFC40022AE88 /* HTTPMethods.swift in Sources */ = {isa = PBXBuildFile; fileRef = AD6649FE2C1EBFC40022AE88 /* HTTPMethods.swift */; };
		AD664A012C1EBFED0022AE88 /* NetworkError.swift in Sources */ = {isa = PBXBuildFile; fileRef = AD664A002C1EBFED0022AE88 /* NetworkError.swift */; };
		AD664A032C1EC8900022AE88 /* Endpoint.swift in Sources */ = {isa = PBXBuildFile; fileRef = AD664A022C1EC8900022AE88 /* Endpoint.swift */; };
		AD664A062C1ED0B10022AE88 /* MoviesResponse.swift in Sources */ = {isa = PBXBuildFile; fileRef = AD664A052C1ED0B10022AE88 /* MoviesResponse.swift */; };
		ADCA57E72C1D96E9002533EB /* MovieExplorerApp.swift in Sources */ = {isa = PBXBuildFile; fileRef = ADCA57E62C1D96E9002533EB /* MovieExplorerApp.swift */; };
		ADCA57E92C1D96E9002533EB /* MoviesView.swift in Sources */ = {isa = PBXBuildFile; fileRef = ADCA57E82C1D96E9002533EB /* MoviesView.swift */; };
		ADCA57EB2C1D96EA002533EB /* Assets.xcassets in Resources */ = {isa = PBXBuildFile; fileRef = ADCA57EA2C1D96EA002533EB /* Assets.xcassets */; };
		ADCA57EE2C1D96EA002533EB /* Preview Assets.xcassets in Resources */ = {isa = PBXBuildFile; fileRef = ADCA57ED2C1D96EA002533EB /* Preview Assets.xcassets */; };
		ADCA57F52C1D97E9002533EB /* MovieCard.swift in Sources */ = {isa = PBXBuildFile; fileRef = ADCA57F42C1D97E9002533EB /* MovieCard.swift */; };
		ADCA57F72C1D9821002533EB /* Movie.swift in Sources */ = {isa = PBXBuildFile; fileRef = ADCA57F62C1D9821002533EB /* Movie.swift */; };
		ADD0584E2C2175C700E14436 /* LoadableImage.swift in Sources */ = {isa = PBXBuildFile; fileRef = ADD0584D2C2175C700E14436 /* LoadableImage.swift */; };
/* End PBXBuildFile section */

/* Begin PBXContainerItemProxy section */
		AD1779D62C247E63005CC4B6 /* PBXContainerItemProxy */ = {
			isa = PBXContainerItemProxy;
			containerPortal = ADCA57DB2C1D96E9002533EB /* Project object */;
			proxyType = 1;
			remoteGlobalIDString = ADCA57E22C1D96E9002533EB;
			remoteInfo = "movie-explorer";
		};
/* End PBXContainerItemProxy section */

/* Begin PBXFileReference section */
		AD1779C32C22C9A7005CC4B6 /* MoviesViewModel.swift */ = {isa = PBXFileReference; lastKnownFileType = sourcecode.swift; path = MoviesViewModel.swift; sourceTree = "<group>"; };
		AD1779C52C2309C1005CC4B6 /* MoviesList.swift */ = {isa = PBXFileReference; lastKnownFileType = sourcecode.swift; path = MoviesList.swift; sourceTree = "<group>"; };
		AD1779C72C2354CD005CC4B6 /* MovieDetail.swift */ = {isa = PBXFileReference; lastKnownFileType = sourcecode.swift; path = MovieDetail.swift; sourceTree = "<group>"; };
		AD1779CA2C23578E005CC4B6 /* MovieDetailView.swift */ = {isa = PBXFileReference; lastKnownFileType = sourcecode.swift; path = MovieDetailView.swift; sourceTree = "<group>"; };
		AD1779CC2C2359C6005CC4B6 /* MovieDetailViewModel.swift */ = {isa = PBXFileReference; lastKnownFileType = sourcecode.swift; path = MovieDetailViewModel.swift; sourceTree = "<group>"; };
		AD1779D22C247E63005CC4B6 /* movie-explorer-tests.xctest */ = {isa = PBXFileReference; explicitFileType = wrapper.cfbundle; includeInIndex = 0; path = "movie-explorer-tests.xctest"; sourceTree = BUILT_PRODUCTS_DIR; };
		AD1779DB2C247FEB005CC4B6 /* MoviesViewModelTests.swift */ = {isa = PBXFileReference; lastKnownFileType = sourcecode.swift; path = MoviesViewModelTests.swift; sourceTree = "<group>"; };
		AD1779DD2C24863A005CC4B6 /* MockNetworkClient.swift */ = {isa = PBXFileReference; lastKnownFileType = sourcecode.swift; path = MockNetworkClient.swift; sourceTree = "<group>"; };
		AD6649FB2C1EBB2C0022AE88 /* NetworkClient.swift */ = {isa = PBXFileReference; lastKnownFileType = sourcecode.swift; path = NetworkClient.swift; sourceTree = "<group>"; };
		AD6649FE2C1EBFC40022AE88 /* HTTPMethods.swift */ = {isa = PBXFileReference; lastKnownFileType = sourcecode.swift; path = HTTPMethods.swift; sourceTree = "<group>"; };
		AD664A002C1EBFED0022AE88 /* NetworkError.swift */ = {isa = PBXFileReference; lastKnownFileType = sourcecode.swift; path = NetworkError.swift; sourceTree = "<group>"; };
		AD664A022C1EC8900022AE88 /* Endpoint.swift */ = {isa = PBXFileReference; lastKnownFileType = sourcecode.swift; path = Endpoint.swift; sourceTree = "<group>"; };
		AD664A052C1ED0B10022AE88 /* MoviesResponse.swift */ = {isa = PBXFileReference; lastKnownFileType = sourcecode.swift; path = MoviesResponse.swift; sourceTree = "<group>"; };
		ADCA57E32C1D96E9002533EB /* movie-explorer.app */ = {isa = PBXFileReference; explicitFileType = wrapper.application; includeInIndex = 0; path = "movie-explorer.app"; sourceTree = BUILT_PRODUCTS_DIR; };
		ADCA57E62C1D96E9002533EB /* MovieExplorerApp.swift */ = {isa = PBXFileReference; lastKnownFileType = sourcecode.swift; path = MovieExplorerApp.swift; sourceTree = "<group>"; };
		ADCA57E82C1D96E9002533EB /* MoviesView.swift */ = {isa = PBXFileReference; lastKnownFileType = sourcecode.swift; path = MoviesView.swift; sourceTree = "<group>"; };
		ADCA57EA2C1D96EA002533EB /* Assets.xcassets */ = {isa = PBXFileReference; lastKnownFileType = folder.assetcatalog; path = Assets.xcassets; sourceTree = "<group>"; };
		ADCA57ED2C1D96EA002533EB /* Preview Assets.xcassets */ = {isa = PBXFileReference; lastKnownFileType = folder.assetcatalog; path = "Preview Assets.xcassets"; sourceTree = "<group>"; };
		ADCA57F42C1D97E9002533EB /* MovieCard.swift */ = {isa = PBXFileReference; lastKnownFileType = sourcecode.swift; path = MovieCard.swift; sourceTree = "<group>"; };
		ADCA57F62C1D9821002533EB /* Movie.swift */ = {isa = PBXFileReference; lastKnownFileType = sourcecode.swift; path = Movie.swift; sourceTree = "<group>"; };
		ADD0584D2C2175C700E14436 /* LoadableImage.swift */ = {isa = PBXFileReference; lastKnownFileType = sourcecode.swift; path = LoadableImage.swift; sourceTree = "<group>"; };
/* End PBXFileReference section */

/* Begin PBXFrameworksBuildPhase section */
		AD1779CF2C247E63005CC4B6 /* Frameworks */ = {
			isa = PBXFrameworksBuildPhase;
			buildActionMask = 2147483647;
			files = (
			);
			runOnlyForDeploymentPostprocessing = 0;
		};
		ADCA57E02C1D96E9002533EB /* Frameworks */ = {
			isa = PBXFrameworksBuildPhase;
			buildActionMask = 2147483647;
			files = (
			);
			runOnlyForDeploymentPostprocessing = 0;
		};
/* End PBXFrameworksBuildPhase section */

/* Begin PBXGroup section */
		AD1779C22C22C97D005CC4B6 /* Movies */ = {
			isa = PBXGroup;
			children = (
				ADCA57E82C1D96E9002533EB /* MoviesView.swift */,
				AD1779C52C2309C1005CC4B6 /* MoviesList.swift */,
				ADCA57F42C1D97E9002533EB /* MovieCard.swift */,
				AD1779C32C22C9A7005CC4B6 /* MoviesViewModel.swift */,
			);
			path = Movies;
			sourceTree = "<group>";
		};
		AD1779C92C235773005CC4B6 /* MovieDetail */ = {
			isa = PBXGroup;
			children = (
				AD1779CA2C23578E005CC4B6 /* MovieDetailView.swift */,
				AD1779CC2C2359C6005CC4B6 /* MovieDetailViewModel.swift */,
			);
			path = MovieDetail;
			sourceTree = "<group>";
		};
		AD1779D32C247E63005CC4B6 /* movie-explorer-tests */ = {
			isa = PBXGroup;
			children = (
				AD1779DB2C247FEB005CC4B6 /* MoviesViewModelTests.swift */,
				AD1779DD2C24863A005CC4B6 /* MockNetworkClient.swift */,
			);
			path = "movie-explorer-tests";
			sourceTree = "<group>";
		};
		AD6649FD2C1EBF8B0022AE88 /* Networking */ = {
			isa = PBXGroup;
			children = (
				AD6649FB2C1EBB2C0022AE88 /* NetworkClient.swift */,
				AD6649FE2C1EBFC40022AE88 /* HTTPMethods.swift */,
				AD664A002C1EBFED0022AE88 /* NetworkError.swift */,
				AD664A022C1EC8900022AE88 /* Endpoint.swift */,
			);
			path = Networking;
			sourceTree = "<group>";
		};
		AD664A042C1ED0A10022AE88 /* Models */ = {
			isa = PBXGroup;
			children = (
				ADCA57F62C1D9821002533EB /* Movie.swift */,
				AD664A052C1ED0B10022AE88 /* MoviesResponse.swift */,
				AD1779C72C2354CD005CC4B6 /* MovieDetail.swift */,
			);
			path = Models;
			sourceTree = "<group>";
		};
		ADCA57DA2C1D96E9002533EB = {
			isa = PBXGroup;
			children = (
				ADCA57E52C1D96E9002533EB /* movie-explorer */,
				AD1779D32C247E63005CC4B6 /* movie-explorer-tests */,
				ADCA57E42C1D96E9002533EB /* Products */,
			);
			sourceTree = "<group>";
		};
		ADCA57E42C1D96E9002533EB /* Products */ = {
			isa = PBXGroup;
			children = (
				ADCA57E32C1D96E9002533EB /* movie-explorer.app */,
				AD1779D22C247E63005CC4B6 /* movie-explorer-tests.xctest */,
			);
			name = Products;
			sourceTree = "<group>";
		};
		ADCA57E52C1D96E9002533EB /* movie-explorer */ = {
			isa = PBXGroup;
			children = (
				ADD0584C2C21759500E14436 /* Views */,
				AD664A042C1ED0A10022AE88 /* Models */,
				AD6649FD2C1EBF8B0022AE88 /* Networking */,
				ADCA57E62C1D96E9002533EB /* MovieExplorerApp.swift */,
				ADCA57EA2C1D96EA002533EB /* Assets.xcassets */,
				ADCA57EC2C1D96EA002533EB /* Preview Content */,
			);
			path = "movie-explorer";
			sourceTree = "<group>";
		};
		ADCA57EC2C1D96EA002533EB /* Preview Content */ = {
			isa = PBXGroup;
			children = (
				ADCA57ED2C1D96EA002533EB /* Preview Assets.xcassets */,
			);
			path = "Preview Content";
			sourceTree = "<group>";
		};
		ADD0584C2C21759500E14436 /* Views */ = {
			isa = PBXGroup;
			children = (
				AD1779C22C22C97D005CC4B6 /* Movies */,
				AD1779C92C235773005CC4B6 /* MovieDetail */,
				ADD0584D2C2175C700E14436 /* LoadableImage.swift */,
			);
			path = Views;
			sourceTree = "<group>";
		};
/* End PBXGroup section */

/* Begin PBXNativeTarget section */
		AD1779D12C247E63005CC4B6 /* movie-explorer-tests */ = {
			isa = PBXNativeTarget;
			buildConfigurationList = AD1779DA2C247E63005CC4B6 /* Build configuration list for PBXNativeTarget "movie-explorer-tests" */;
			buildPhases = (
				AD1779CE2C247E63005CC4B6 /* Sources */,
				AD1779CF2C247E63005CC4B6 /* Frameworks */,
				AD1779D02C247E63005CC4B6 /* Resources */,
			);
			buildRules = (
			);
			dependencies = (
				AD1779D72C247E63005CC4B6 /* PBXTargetDependency */,
			);
			name = "movie-explorer-tests";
			productName = "movie-explorer-tests";
			productReference = AD1779D22C247E63005CC4B6 /* movie-explorer-tests.xctest */;
			productType = "com.apple.product-type.bundle.unit-test";
		};
		ADCA57E22C1D96E9002533EB /* movie-explorer */ = {
			isa = PBXNativeTarget;
			buildConfigurationList = ADCA57F12C1D96EA002533EB /* Build configuration list for PBXNativeTarget "movie-explorer" */;
			buildPhases = (
				ADCA57DF2C1D96E9002533EB /* Sources */,
				ADCA57E02C1D96E9002533EB /* Frameworks */,
				ADCA57E12C1D96E9002533EB /* Resources */,
			);
			buildRules = (
			);
			dependencies = (
			);
			name = "movie-explorer";
			productName = "movie-explorer";
			productReference = ADCA57E32C1D96E9002533EB /* movie-explorer.app */;
			productType = "com.apple.product-type.application";
		};
/* End PBXNativeTarget section */

/* Begin PBXProject section */
		ADCA57DB2C1D96E9002533EB /* Project object */ = {
			isa = PBXProject;
			attributes = {
				BuildIndependentTargetsInParallel = 1;
				LastSwiftUpdateCheck = 1540;
				LastUpgradeCheck = 1540;
				TargetAttributes = {
					AD1779D12C247E63005CC4B6 = {
						CreatedOnToolsVersion = 15.4;
						TestTargetID = ADCA57E22C1D96E9002533EB;
					};
					ADCA57E22C1D96E9002533EB = {
						CreatedOnToolsVersion = 15.4;
					};
				};
			};
			buildConfigurationList = ADCA57DE2C1D96E9002533EB /* Build configuration list for PBXProject "movie-explorer" */;
			compatibilityVersion = "Xcode 14.0";
			developmentRegion = en;
			hasScannedForEncodings = 0;
			knownRegions = (
				en,
				Base,
			);
			mainGroup = ADCA57DA2C1D96E9002533EB;
			productRefGroup = ADCA57E42C1D96E9002533EB /* Products */;
			projectDirPath = "";
			projectRoot = "";
			targets = (
				ADCA57E22C1D96E9002533EB /* movie-explorer */,
				AD1779D12C247E63005CC4B6 /* movie-explorer-tests */,
			);
		};
/* End PBXProject section */

/* Begin PBXResourcesBuildPhase section */
		AD1779D02C247E63005CC4B6 /* Resources */ = {
			isa = PBXResourcesBuildPhase;
			buildActionMask = 2147483647;
			files = (
			);
			runOnlyForDeploymentPostprocessing = 0;
		};
		ADCA57E12C1D96E9002533EB /* Resources */ = {
			isa = PBXResourcesBuildPhase;
			buildActionMask = 2147483647;
			files = (
				ADCA57EE2C1D96EA002533EB /* Preview Assets.xcassets in Resources */,
				ADCA57EB2C1D96EA002533EB /* Assets.xcassets in Resources */,
			);
			runOnlyForDeploymentPostprocessing = 0;
		};
/* End PBXResourcesBuildPhase section */

/* Begin PBXSourcesBuildPhase section */
		AD1779CE2C247E63005CC4B6 /* Sources */ = {
			isa = PBXSourcesBuildPhase;
			buildActionMask = 2147483647;
			files = (
				AD1779DC2C247FEB005CC4B6 /* MoviesViewModelTests.swift in Sources */,
				AD1779DE2C24863A005CC4B6 /* MockNetworkClient.swift in Sources */,
			);
			runOnlyForDeploymentPostprocessing = 0;
		};
		ADCA57DF2C1D96E9002533EB /* Sources */ = {
			isa = PBXSourcesBuildPhase;
			buildActionMask = 2147483647;
			files = (
				ADCA57E92C1D96E9002533EB /* MoviesView.swift in Sources */,
				AD664A012C1EBFED0022AE88 /* NetworkError.swift in Sources */,
				AD1779C62C2309C1005CC4B6 /* MoviesList.swift in Sources */,
				AD664A032C1EC8900022AE88 /* Endpoint.swift in Sources */,
				AD6649FC2C1EBB2C0022AE88 /* NetworkClient.swift in Sources */,
				AD6649FF2C1EBFC40022AE88 /* HTTPMethods.swift in Sources */,
				AD1779CB2C23578E005CC4B6 /* MovieDetailView.swift in Sources */,
				ADCA57F72C1D9821002533EB /* Movie.swift in Sources */,
				ADCA57E72C1D96E9002533EB /* MovieExplorerApp.swift in Sources */,
				AD1779C82C2354CD005CC4B6 /* MovieDetail.swift in Sources */,
				ADCA57F52C1D97E9002533EB /* MovieCard.swift in Sources */,
				AD1779CD2C2359C6005CC4B6 /* MovieDetailViewModel.swift in Sources */,
				AD1779C42C22C9A7005CC4B6 /* MoviesViewModel.swift in Sources */,
				AD664A062C1ED0B10022AE88 /* MoviesResponse.swift in Sources */,
				ADD0584E2C2175C700E14436 /* LoadableImage.swift in Sources */,
			);
			runOnlyForDeploymentPostprocessing = 0;
		};
/* End PBXSourcesBuildPhase section */

/* Begin PBXTargetDependency section */
		AD1779D72C247E63005CC4B6 /* PBXTargetDependency */ = {
			isa = PBXTargetDependency;
			target = ADCA57E22C1D96E9002533EB /* movie-explorer */;
			targetProxy = AD1779D62C247E63005CC4B6 /* PBXContainerItemProxy */;
		};
/* End PBXTargetDependency section */

/* Begin XCBuildConfiguration section */
		AD1779D82C247E63005CC4B6 /* Debug */ = {
			isa = XCBuildConfiguration;
			buildSettings = {
				BUNDLE_LOADER = "$(TEST_HOST)";
				CODE_SIGN_STYLE = Automatic;
				CURRENT_PROJECT_VERSION = 1;
				DEVELOPMENT_TEAM = UER9S2EB72;
				GENERATE_INFOPLIST_FILE = YES;
				MARKETING_VERSION = 1.0;
				PRODUCT_BUNDLE_IDENTIFIER = "com.home.movie-explorer-tests";
				PRODUCT_NAME = "$(TARGET_NAME)";
				SWIFT_EMIT_LOC_STRINGS = NO;
				SWIFT_VERSION = 5.0;
				TARGETED_DEVICE_FAMILY = "1,2";
				TEST_HOST = "$(BUILT_PRODUCTS_DIR)/movie-explorer.app/$(BUNDLE_EXECUTABLE_FOLDER_PATH)/movie-explorer";
			};
			name = Debug;
		};
		AD1779D92C247E63005CC4B6 /* Release */ = {
			isa = XCBuildConfiguration;
			buildSettings = {
				BUNDLE_LOADER = "$(TEST_HOST)";
				CODE_SIGN_STYLE = Automatic;
				CURRENT_PROJECT_VERSION = 1;
				DEVELOPMENT_TEAM = UER9S2EB72;
				GENERATE_INFOPLIST_FILE = YES;
				MARKETING_VERSION = 1.0;
				PRODUCT_BUNDLE_IDENTIFIER = "com.home.movie-explorer-tests";
				PRODUCT_NAME = "$(TARGET_NAME)";
				SWIFT_EMIT_LOC_STRINGS = NO;
				SWIFT_VERSION = 5.0;
				TARGETED_DEVICE_FAMILY = "1,2";
				TEST_HOST = "$(BUILT_PRODUCTS_DIR)/movie-explorer.app/$(BUNDLE_EXECUTABLE_FOLDER_PATH)/movie-explorer";
			};
			name = Release;
		};
		ADCA57EF2C1D96EA002533EB /* Debug */ = {
			isa = XCBuildConfiguration;
			buildSettings = {
				ALWAYS_SEARCH_USER_PATHS = NO;
				ASSETCATALOG_COMPILER_GENERATE_SWIFT_ASSET_SYMBOL_EXTENSIONS = YES;
				CLANG_ANALYZER_NONNULL = YES;
				CLANG_ANALYZER_NUMBER_OBJECT_CONVERSION = YES_AGGRESSIVE;
				CLANG_CXX_LANGUAGE_STANDARD = "gnu++20";
				CLANG_ENABLE_MODULES = YES;
				CLANG_ENABLE_OBJC_ARC = YES;
				CLANG_ENABLE_OBJC_WEAK = YES;
				CLANG_WARN_BLOCK_CAPTURE_AUTORELEASING = YES;
				CLANG_WARN_BOOL_CONVERSION = YES;
				CLANG_WARN_COMMA = YES;
				CLANG_WARN_CONSTANT_CONVERSION = YES;
				CLANG_WARN_DEPRECATED_OBJC_IMPLEMENTATIONS = YES;
				CLANG_WARN_DIRECT_OBJC_ISA_USAGE = YES_ERROR;
				CLANG_WARN_DOCUMENTATION_COMMENTS = YES;
				CLANG_WARN_EMPTY_BODY = YES;
				CLANG_WARN_ENUM_CONVERSION = YES;
				CLANG_WARN_INFINITE_RECURSION = YES;
				CLANG_WARN_INT_CONVERSION = YES;
				CLANG_WARN_NON_LITERAL_NULL_CONVERSION = YES;
				CLANG_WARN_OBJC_IMPLICIT_RETAIN_SELF = YES;
				CLANG_WARN_OBJC_LITERAL_CONVERSION = YES;
				CLANG_WARN_OBJC_ROOT_CLASS = YES_ERROR;
				CLANG_WARN_QUOTED_INCLUDE_IN_FRAMEWORK_HEADER = YES;
				CLANG_WARN_RANGE_LOOP_ANALYSIS = YES;
				CLANG_WARN_STRICT_PROTOTYPES = YES;
				CLANG_WARN_SUSPICIOUS_MOVE = YES;
				CLANG_WARN_UNGUARDED_AVAILABILITY = YES_AGGRESSIVE;
				CLANG_WARN_UNREACHABLE_CODE = YES;
				CLANG_WARN__DUPLICATE_METHOD_MATCH = YES;
				COPY_PHASE_STRIP = NO;
				DEBUG_INFORMATION_FORMAT = dwarf;
				ENABLE_STRICT_OBJC_MSGSEND = YES;
				ENABLE_TESTABILITY = YES;
				ENABLE_USER_SCRIPT_SANDBOXING = YES;
				GCC_C_LANGUAGE_STANDARD = gnu17;
				GCC_DYNAMIC_NO_PIC = NO;
				GCC_NO_COMMON_BLOCKS = YES;
				GCC_OPTIMIZATION_LEVEL = 0;
				GCC_PREPROCESSOR_DEFINITIONS = (
					"DEBUG=1",
					"$(inherited)",
				);
				GCC_WARN_64_TO_32_BIT_CONVERSION = YES;
				GCC_WARN_ABOUT_RETURN_TYPE = YES_ERROR;
				GCC_WARN_UNDECLARED_SELECTOR = YES;
				GCC_WARN_UNINITIALIZED_AUTOS = YES_AGGRESSIVE;
				GCC_WARN_UNUSED_FUNCTION = YES;
				GCC_WARN_UNUSED_VARIABLE = YES;
				IPHONEOS_DEPLOYMENT_TARGET = 17.5;
				LOCALIZATION_PREFERS_STRING_CATALOGS = YES;
				MTL_ENABLE_DEBUG_INFO = INCLUDE_SOURCE;
				MTL_FAST_MATH = YES;
				ONLY_ACTIVE_ARCH = YES;
				SDKROOT = iphoneos;
				SWIFT_ACTIVE_COMPILATION_CONDITIONS = "DEBUG $(inherited)";
				SWIFT_OPTIMIZATION_LEVEL = "-Onone";
			};
			name = Debug;
		};
		ADCA57F02C1D96EA002533EB /* Release */ = {
			isa = XCBuildConfiguration;
			buildSettings = {
				ALWAYS_SEARCH_USER_PATHS = NO;
				ASSETCATALOG_COMPILER_GENERATE_SWIFT_ASSET_SYMBOL_EXTENSIONS = YES;
				CLANG_ANALYZER_NONNULL = YES;
				CLANG_ANALYZER_NUMBER_OBJECT_CONVERSION = YES_AGGRESSIVE;
				CLANG_CXX_LANGUAGE_STANDARD = "gnu++20";
				CLANG_ENABLE_MODULES = YES;
				CLANG_ENABLE_OBJC_ARC = YES;
				CLANG_ENABLE_OBJC_WEAK = YES;
				CLANG_WARN_BLOCK_CAPTURE_AUTORELEASING = YES;
				CLANG_WARN_BOOL_CONVERSION = YES;
				CLANG_WARN_COMMA = YES;
				CLANG_WARN_CONSTANT_CONVERSION = YES;
				CLANG_WARN_DEPRECATED_OBJC_IMPLEMENTATIONS = YES;
				CLANG_WARN_DIRECT_OBJC_ISA_USAGE = YES_ERROR;
				CLANG_WARN_DOCUMENTATION_COMMENTS = YES;
				CLANG_WARN_EMPTY_BODY = YES;
				CLANG_WARN_ENUM_CONVERSION = YES;
				CLANG_WARN_INFINITE_RECURSION = YES;
				CLANG_WARN_INT_CONVERSION = YES;
				CLANG_WARN_NON_LITERAL_NULL_CONVERSION = YES;
				CLANG_WARN_OBJC_IMPLICIT_RETAIN_SELF = YES;
				CLANG_WARN_OBJC_LITERAL_CONVERSION = YES;
				CLANG_WARN_OBJC_ROOT_CLASS = YES_ERROR;
				CLANG_WARN_QUOTED_INCLUDE_IN_FRAMEWORK_HEADER = YES;
				CLANG_WARN_RANGE_LOOP_ANALYSIS = YES;
				CLANG_WARN_STRICT_PROTOTYPES = YES;
				CLANG_WARN_SUSPICIOUS_MOVE = YES;
				CLANG_WARN_UNGUARDED_AVAILABILITY = YES_AGGRESSIVE;
				CLANG_WARN_UNREACHABLE_CODE = YES;
				CLANG_WARN__DUPLICATE_METHOD_MATCH = YES;
				COPY_PHASE_STRIP = NO;
				DEBUG_INFORMATION_FORMAT = "dwarf-with-dsym";
				ENABLE_NS_ASSERTIONS = NO;
				ENABLE_STRICT_OBJC_MSGSEND = YES;
				ENABLE_USER_SCRIPT_SANDBOXING = YES;
				GCC_C_LANGUAGE_STANDARD = gnu17;
				GCC_NO_COMMON_BLOCKS = YES;
				GCC_WARN_64_TO_32_BIT_CONVERSION = YES;
				GCC_WARN_ABOUT_RETURN_TYPE = YES_ERROR;
				GCC_WARN_UNDECLARED_SELECTOR = YES;
				GCC_WARN_UNINITIALIZED_AUTOS = YES_AGGRESSIVE;
				GCC_WARN_UNUSED_FUNCTION = YES;
				GCC_WARN_UNUSED_VARIABLE = YES;
				IPHONEOS_DEPLOYMENT_TARGET = 17.5;
				LOCALIZATION_PREFERS_STRING_CATALOGS = YES;
				MTL_ENABLE_DEBUG_INFO = NO;
				MTL_FAST_MATH = YES;
				SDKROOT = iphoneos;
				SWIFT_COMPILATION_MODE = wholemodule;
				VALIDATE_PRODUCT = YES;
			};
			name = Release;
		};
		ADCA57F22C1D96EA002533EB /* Debug */ = {
			isa = XCBuildConfiguration;
			buildSettings = {
				ASSETCATALOG_COMPILER_APPICON_NAME = AppIcon;
				ASSETCATALOG_COMPILER_GLOBAL_ACCENT_COLOR_NAME = AccentColor;
				CODE_SIGN_STYLE = Automatic;
				CURRENT_PROJECT_VERSION = 1;
				DEVELOPMENT_ASSET_PATHS = "\"movie-explorer/Preview Content\"";
				DEVELOPMENT_TEAM = UER9S2EB72;
				ENABLE_PREVIEWS = YES;
				GENERATE_INFOPLIST_FILE = YES;
				INFOPLIST_KEY_UIApplicationSceneManifest_Generation = YES;
				INFOPLIST_KEY_UIApplicationSupportsIndirectInputEvents = YES;
				INFOPLIST_KEY_UILaunchScreen_Generation = YES;
				INFOPLIST_KEY_UISupportedInterfaceOrientations_iPad = "UIInterfaceOrientationPortrait UIInterfaceOrientationPortraitUpsideDown UIInterfaceOrientationLandscapeLeft UIInterfaceOrientationLandscapeRight";
				INFOPLIST_KEY_UISupportedInterfaceOrientations_iPhone = "UIInterfaceOrientationPortrait UIInterfaceOrientationLandscapeLeft UIInterfaceOrientationLandscapeRight";
				LD_RUNPATH_SEARCH_PATHS = (
					"$(inherited)",
					"@executable_path/Frameworks",
				);
				MARKETING_VERSION = 1.0;
				PRODUCT_BUNDLE_IDENTIFIER = "com.home.movie-explorer";
				PRODUCT_NAME = "$(TARGET_NAME)";
				SWIFT_EMIT_LOC_STRINGS = YES;
				SWIFT_VERSION = 5.0;
				TARGETED_DEVICE_FAMILY = "1,2";
			};
			name = Debug;
		};
		ADCA57F32C1D96EA002533EB /* Release */ = {
			isa = XCBuildConfiguration;
			buildSettings = {
				ASSETCATALOG_COMPILER_APPICON_NAME = AppIcon;
				ASSETCATALOG_COMPILER_GLOBAL_ACCENT_COLOR_NAME = AccentColor;
				CODE_SIGN_STYLE = Automatic;
				CURRENT_PROJECT_VERSION = 1;
				DEVELOPMENT_ASSET_PATHS = "\"movie-explorer/Preview Content\"";
				DEVELOPMENT_TEAM = UER9S2EB72;
				ENABLE_PREVIEWS = YES;
				GENERATE_INFOPLIST_FILE = YES;
				INFOPLIST_KEY_UIApplicationSceneManifest_Generation = YES;
				INFOPLIST_KEY_UIApplicationSupportsIndirectInputEvents = YES;
				INFOPLIST_KEY_UILaunchScreen_Generation = YES;
				INFOPLIST_KEY_UISupportedInterfaceOrientations_iPad = "UIInterfaceOrientationPortrait UIInterfaceOrientationPortraitUpsideDown UIInterfaceOrientationLandscapeLeft UIInterfaceOrientationLandscapeRight";
				INFOPLIST_KEY_UISupportedInterfaceOrientations_iPhone = "UIInterfaceOrientationPortrait UIInterfaceOrientationLandscapeLeft UIInterfaceOrientationLandscapeRight";
				LD_RUNPATH_SEARCH_PATHS = (
					"$(inherited)",
					"@executable_path/Frameworks",
				);
				MARKETING_VERSION = 1.0;
				PRODUCT_BUNDLE_IDENTIFIER = "com.home.movie-explorer";
				PRODUCT_NAME = "$(TARGET_NAME)";
				SWIFT_EMIT_LOC_STRINGS = YES;
				SWIFT_VERSION = 5.0;
				TARGETED_DEVICE_FAMILY = "1,2";
			};
			name = Release;
		};
/* End XCBuildConfiguration section */

/* Begin XCConfigurationList section */
		AD1779DA2C247E63005CC4B6 /* Build configuration list for PBXNativeTarget "movie-explorer-tests" */ = {
			isa = XCConfigurationList;
			buildConfigurations = (
				AD1779D82C247E63005CC4B6 /* Debug */,
				AD1779D92C247E63005CC4B6 /* Release */,
			);
			defaultConfigurationIsVisible = 0;
			defaultConfigurationName = Release;
		};
		ADCA57DE2C1D96E9002533EB /* Build configuration list for PBXProject "movie-explorer" */ = {
			isa = XCConfigurationList;
			buildConfigurations = (
				ADCA57EF2C1D96EA002533EB /* Debug */,
				ADCA57F02C1D96EA002533EB /* Release */,
			);
			defaultConfigurationIsVisible = 0;
			defaultConfigurationName = Release;
		};
		ADCA57F12C1D96EA002533EB /* Build configuration list for PBXNativeTarget "movie-explorer" */ = {
			isa = XCConfigurationList;
			buildConfigurations = (
				ADCA57F22C1D96EA002533EB /* Debug */,
				ADCA57F32C1D96EA002533EB /* Release */,
			);
			defaultConfigurationIsVisible = 0;
			defaultConfigurationName = Release;
		};
/* End XCConfigurationList section */
	};
	rootObject = ADCA57DB2C1D96E9002533EB /* Project object */;
}
